{
  "requires": true,
  "lockfileVersion": 1,
  "dependencies": {
    "@types/jquery": {
      "version": "3.3.12",
      "resolved": "https://registry.npmjs.org/@types/jquery/-/jquery-3.3.12.tgz",
      "integrity": "sha512-a5/b8XJyzPA+rzJTZDJUpWSfL7XfmaVmXMwJ/NdWCw0dz8+XRXf2NtutquJ0JOe40lCAjlkpGx7c0L4PEle3Qw==",
      "requires": {
        "@types/sizzle": "*"
      }
    },
    "@types/sizzle": {
      "version": "2.3.2",
      "resolved": "https://registry.npmjs.org/@types/sizzle/-/sizzle-2.3.2.tgz",
      "integrity": "sha512-7EJYyKTL7tFR8+gDbB6Wwz/arpGa0Mywk1TJbNzKzHtzbwVmY4HR9WqS5VV7dsBUKQmPNr192jHr/VpBluj/hg=="
    }
  }
}
